
Microsoft Visual Studio Solution File, Format Version 12.00
# Visual Studio Version 17
VisualStudioVersion = 17.14.36414.22 d17.14
MinimumVisualStudioVersion = 10.0.40219.1
Project("{FAE04EC0-301F-11D3-BF4B-00C04F79EFBC}") = "teste2", "teste2\teste2.csproj", "{EDAF9875-80DB-44F0-98CC-C1D5B36CC083}"
EndProject
Global
	GlobalSection(SolutionConfigurationPlatforms) = preSolution
		Debug|Any CPU = Debug|Any CPU
		Release|Any CPU = Release|Any CPU
	EndGlobalSection
	GlobalSection(ProjectConfigurationPlatforms) = postSolution
		{EDAF9875-80DB-44F0-98CC-C1D5B36CC083}.Debug|Any CPU.ActiveCfg = Debug|Any CPU
		{EDAF9875-80DB-44F0-98CC-C1D5B36CC083}.Debug|Any CPU.Build.0 = Debug|Any CPU
		{EDAF9875-80DB-44F0-98CC-C1D5B36CC083}.Release|Any CPU.ActiveCfg = Release|Any CPU
		{EDAF9875-80DB-44F0-98CC-C1D5B36CC083}.Release|Any CPU.Build.0 = Release|Any CPU
	EndGlobalSection
	GlobalSection(SolutionProperties) = preSolution
		HideSolutionNode = FALSE
	EndGlobalSection
	GlobalSection(ExtensibilityGlobals) = postSolution
		SolutionGuid = {156A5C0C-918F-487E-BC60-93CCDE854361}
	EndGlobalSection
EndGlobal
